
Microsoft Visual Studio Solution File, Format Version 12.00
# Visual Studio Version 17
VisualStudioVersion = 17.8.34511.84
MinimumVisualStudioVersion = 10.0.40219.1
Project("{9A19103F-16F7-4668-BE54-9A1E7A4F7556}") = "Tests", "Tests\Tests.csproj", "{FE3A6E85-0F7F-4B47-B7EA-F6A96E424F43}"
EndProject
Project("{9A19103F-16F7-4668-BE54-9A1E7A4F7556}") = "Radzen.Components", "Radzen.Components\Radzen.Components.csproj", "{9E01CEAA-8E33-4136-893D-F060D5813ADA}"
EndProject
Project("{9A19103F-16F7-4668-BE54-9A1E7A4F7556}") = "LiteInvoice.ServerApp", "LiteInvoice.ServerApp\LiteInvoice.ServerApp.csproj", "{689F4A5D-0D76-4369-9228-80367926E2E2}"
EndProject
Project("{9A19103F-16F7-4668-BE54-9A1E7A4F7556}") = "WebApp", "WebApp\WebApp\WebApp.csproj", "{631C031C-3F87-4DA2-A9B6-421908F921AD}"
EndProject
Project("{9A19103F-16F7-4668-BE54-9A1E7A4F7556}") = "WebApp.Client", "WebApp\WebApp.Client\WebApp.Client.csproj", "{6AF3F929-68D9-4D61-9EC6-6CAD48E9EA14}"
EndProject
Project("{9A19103F-16F7-4668-BE54-9A1E7A4F7556}") = "LiteInvoice.Entities", "LiteInvoice.Entities\LiteInvoice.Entities.csproj", "{A281A48F-54AE-477F-81B1-13C24004D646}"
EndProject
Project("{9A19103F-16F7-4668-BE54-9A1E7A4F7556}") = "LiteInvoice.Server", "LiteInvoice.Server\LiteInvoice.Server.csproj", "{A7D68385-9688-470D-AEC1-3384811B744C}"
EndProject
Project("{9A19103F-16F7-4668-BE54-9A1E7A4F7556}") = "UserTokens", "UserTokens\UserTokens.csproj", "{D17B67F7-7DC8-42FC-8CF2-E9F80EEED18A}"
EndProject
Project("{9A19103F-16F7-4668-BE54-9A1E7A4F7556}") = "ApiClientBaseLibrary", "ApiClientBaseLibrary\ApiClientBaseLibrary.csproj", "{0A0E622E-1170-468B-9E0B-F4BE15556E6D}"
EndProject
Global
	GlobalSection(SolutionConfigurationPlatforms) = preSolution
		Debug|Any CPU = Debug|Any CPU
		Release|Any CPU = Release|Any CPU
	EndGlobalSection
	GlobalSection(ProjectConfigurationPlatforms) = postSolution
		{FE3A6E85-0F7F-4B47-B7EA-F6A96E424F43}.Debug|Any CPU.ActiveCfg = Debug|Any CPU
		{FE3A6E85-0F7F-4B47-B7EA-F6A96E424F43}.Debug|Any CPU.Build.0 = Debug|Any CPU
		{FE3A6E85-0F7F-4B47-B7EA-F6A96E424F43}.Release|Any CPU.ActiveCfg = Release|Any CPU
		{FE3A6E85-0F7F-4B47-B7EA-F6A96E424F43}.Release|Any CPU.Build.0 = Release|Any CPU
		{9E01CEAA-8E33-4136-893D-F060D5813ADA}.Debug|Any CPU.ActiveCfg = Debug|Any CPU
		{9E01CEAA-8E33-4136-893D-F060D5813ADA}.Debug|Any CPU.Build.0 = Debug|Any CPU
		{9E01CEAA-8E33-4136-893D-F060D5813ADA}.Release|Any CPU.ActiveCfg = Release|Any CPU
		{9E01CEAA-8E33-4136-893D-F060D5813ADA}.Release|Any CPU.Build.0 = Release|Any CPU
		{689F4A5D-0D76-4369-9228-80367926E2E2}.Debug|Any CPU.ActiveCfg = Debug|Any CPU
		{689F4A5D-0D76-4369-9228-80367926E2E2}.Debug|Any CPU.Build.0 = Debug|Any CPU
		{689F4A5D-0D76-4369-9228-80367926E2E2}.Release|Any CPU.ActiveCfg = Release|Any CPU
		{689F4A5D-0D76-4369-9228-80367926E2E2}.Release|Any CPU.Build.0 = Release|Any CPU
		{631C031C-3F87-4DA2-A9B6-421908F921AD}.Debug|Any CPU.ActiveCfg = Debug|Any CPU
		{631C031C-3F87-4DA2-A9B6-421908F921AD}.Debug|Any CPU.Build.0 = Debug|Any CPU
		{631C031C-3F87-4DA2-A9B6-421908F921AD}.Release|Any CPU.ActiveCfg = Release|Any CPU
		{631C031C-3F87-4DA2-A9B6-421908F921AD}.Release|Any CPU.Build.0 = Release|Any CPU
		{6AF3F929-68D9-4D61-9EC6-6CAD48E9EA14}.Debug|Any CPU.ActiveCfg = Debug|Any CPU
		{6AF3F929-68D9-4D61-9EC6-6CAD48E9EA14}.Debug|Any CPU.Build.0 = Debug|Any CPU
		{6AF3F929-68D9-4D61-9EC6-6CAD48E9EA14}.Release|Any CPU.ActiveCfg = Release|Any CPU
		{6AF3F929-68D9-4D61-9EC6-6CAD48E9EA14}.Release|Any CPU.Build.0 = Release|Any CPU
		{A281A48F-54AE-477F-81B1-13C24004D646}.Debug|Any CPU.ActiveCfg = Debug|Any CPU
		{A281A48F-54AE-477F-81B1-13C24004D646}.Debug|Any CPU.Build.0 = Debug|Any CPU
		{A281A48F-54AE-477F-81B1-13C24004D646}.Release|Any CPU.ActiveCfg = Release|Any CPU
		{A281A48F-54AE-477F-81B1-13C24004D646}.Release|Any CPU.Build.0 = Release|Any CPU
		{A7D68385-9688-470D-AEC1-3384811B744C}.Debug|Any CPU.ActiveCfg = Debug|Any CPU
		{A7D68385-9688-470D-AEC1-3384811B744C}.Debug|Any CPU.Build.0 = Debug|Any CPU
		{A7D68385-9688-470D-AEC1-3384811B744C}.Release|Any CPU.ActiveCfg = Release|Any CPU
		{A7D68385-9688-470D-AEC1-3384811B744C}.Release|Any CPU.Build.0 = Release|Any CPU
		{D17B67F7-7DC8-42FC-8CF2-E9F80EEED18A}.Debug|Any CPU.ActiveCfg = Debug|Any CPU
		{D17B67F7-7DC8-42FC-8CF2-E9F80EEED18A}.Debug|Any CPU.Build.0 = Debug|Any CPU
		{D17B67F7-7DC8-42FC-8CF2-E9F80EEED18A}.Release|Any CPU.ActiveCfg = Release|Any CPU
		{D17B67F7-7DC8-42FC-8CF2-E9F80EEED18A}.Release|Any CPU.Build.0 = Release|Any CPU
		{0A0E622E-1170-468B-9E0B-F4BE15556E6D}.Debug|Any CPU.ActiveCfg = Debug|Any CPU
		{0A0E622E-1170-468B-9E0B-F4BE15556E6D}.Debug|Any CPU.Build.0 = Debug|Any CPU
		{0A0E622E-1170-468B-9E0B-F4BE15556E6D}.Release|Any CPU.ActiveCfg = Release|Any CPU
		{0A0E622E-1170-468B-9E0B-F4BE15556E6D}.Release|Any CPU.Build.0 = Release|Any CPU
	EndGlobalSection
	GlobalSection(SolutionProperties) = preSolution
		HideSolutionNode = FALSE
	EndGlobalSection
	GlobalSection(ExtensibilityGlobals) = postSolution
		SolutionGuid = {03E3FD6B-22B8-4FC5-A6C9-ABEAE95A18F7}
	EndGlobalSection
EndGlobal
